{
  "nodes": {
    "flakeNimbleLib": {
      "inputs": {
        "nixpkgs": [
          "nixpkgs"
        ]
      },
      "locked": {
        "lastModified": 1662018438,
        "narHash": "sha256-QtNtU6+LX3Wokxf0zlFwKTFOcn6TeDjKQZ+DA9OYtvM=",
        "owner": "riinr",
        "repo": "nim-flakes-lib",
        "rev": "b1fe8340736e3a85d25c709ac3dfd82a55c03cbf",
        "type": "github"
      },
      "original": {
        "owner": "riinr",
        "ref": "master",
        "repo": "nim-flakes-lib",
        "type": "github"
      }
    },
    "nixpkgs": {
      "locked": {
        "lastModified": 1667110639,
        "narHash": "sha256-4FbPESZ5LbqQxkJJJBAfk/zKgF9h/4kyUwjjpJwYlbc=",
        "owner": "NixOS",
        "repo": "nixpkgs",
        "rev": "f38a1f04d1bec1feb61fd101a0539ae2002a7087",
        "type": "github"
      },
      "original": {
        "id": "nixpkgs",
        "type": "indirect"
      }
    },
    "root": {
      "inputs": {
        "flakeNimbleLib": "flakeNimbleLib",
        "nixpkgs": "nixpkgs",
        "sbttl-main": "sbttl-main"
      }
    },
    "sbttl-main": {
      "inputs": {
        "flakeNimbleLib": [
          "flakeNimbleLib"
        ],
        "nixpkgs": [
          "nixpkgs"
        ],
        "src-sbttl-main": "src-sbttl-main"
      },
      "locked": {
        "dir": "main",
        "lastModified": 1662254797,
        "narHash": "sha256-lWvIGps18XYY82H1kkc/HvMQYG+C5ZWn06OM+LGj1H4=",
        "owner": "nim-nix-pkgs",
        "repo": "sbttl",
        "rev": "78ec64e31393a8189efc24be31d8854c5fb415b1",
        "type": "github"
      },
      "original": {
        "dir": "main",
        "owner": "nim-nix-pkgs",
        "ref": "master",
        "repo": "sbttl",
        "type": "github"
      }
    },
    "src-sbttl-main": {
      "flake": false,
      "locked": {
        "lastModified": 1643830838,
        "narHash": "sha256-Jfo1B3s1kORy86e5p4aiA89DEV4QQNcCz6kYctJ15co=",
        "owner": "hamidb80",
        "repo": "sbttl",
        "rev": "504887909ac3cde413a951225be93e6eb90e3aba",
        "type": "github"
      },
      "original": {
        "owner": "hamidb80",
        "ref": "refs/heads/main",
        "repo": "sbttl",
        "type": "github"
      }
    }
  },
  "root": "root",
  "version": 7
}
